
Microsoft Visual Studio Solution File, Format Version 12.00
# Visual Studio Version 17
VisualStudioVersion = 17.12.35506.116 d17.12
MinimumVisualStudioVersion = 10.0.40219.1
Project("{FAE04EC0-301F-11D3-BF4B-00C04F79EFBC}") = "Reminder", "Reminder\Reminder.csproj", "{15E28D53-3652-4781-8483-9562F17532BB}"
EndProject
Global
	GlobalSection(SolutionConfigurationPlatforms) = preSolution
		Debug|Any CPU = Debug|Any CPU
		Release|Any CPU = Release|Any CPU
	EndGlobalSection
	GlobalSection(ProjectConfigurationPlatforms) = postSolution
		{15E28D53-3652-4781-8483-9562F17532BB}.Debug|Any CPU.ActiveCfg = Debug|Any CPU
		{15E28D53-3652-4781-8483-9562F17532BB}.Debug|Any CPU.Build.0 = Debug|Any CPU
		{15E28D53-3652-4781-8483-9562F17532BB}.Release|Any CPU.ActiveCfg = Release|Any CPU
		{15E28D53-3652-4781-8483-9562F17532BB}.Release|Any CPU.Build.0 = Release|Any CPU
	EndGlobalSection
	GlobalSection(SolutionProperties) = preSolution
		HideSolutionNode = FALSE
	EndGlobalSection
EndGlobal
